
Microsoft Visual Studio Solution File, Format Version 12.00
# Visual Studio Version 17
VisualStudioVersion = 17.3.32929.385
MinimumVisualStudioVersion = 10.0.40219.1
Project("{FAE04EC0-301F-11D3-BF4B-00C04F79EFBC}") = "BooksIntakeAgent", "BooksIntakeAgent\BooksIntakeAgent.csproj", "{B3958E9C-515A-4D2A-A84D-13C60502D827}"
EndProject
Project("{FAE04EC0-301F-11D3-BF4B-00C04F79EFBC}") = "IntakeAgent.Common", "IntakeAgent.Common\IntakeAgent.Common.csproj", "{D78CB5CF-F6DC-4156-B905-2BE4649358A6}"
EndProject
Project("{FAE04EC0-301F-11D3-BF4B-00C04F79EFBC}") = "ExportModule.CSV", "ExportModule.CSV\ExportModule.CSV.csproj", "{BF08FB05-DEB6-458B-BE82-96346639A9A7}"
EndProject
Project("{FAE04EC0-301F-11D3-BF4B-00C04F79EFBC}") = "IntakeAgent.BL", "IntakeAgent.BL\IntakeAgent.BL.csproj", "{656214A4-E866-4430-998D-1FD06C821E26}"
EndProject
Global
	GlobalSection(SolutionConfigurationPlatforms) = preSolution
		Debug|Any CPU = Debug|Any CPU
		Release|Any CPU = Release|Any CPU
	EndGlobalSection
	GlobalSection(ProjectConfigurationPlatforms) = postSolution
		{B3958E9C-515A-4D2A-A84D-13C60502D827}.Debug|Any CPU.ActiveCfg = Debug|Any CPU
		{B3958E9C-515A-4D2A-A84D-13C60502D827}.Debug|Any CPU.Build.0 = Debug|Any CPU
		{B3958E9C-515A-4D2A-A84D-13C60502D827}.Release|Any CPU.ActiveCfg = Release|Any CPU
		{B3958E9C-515A-4D2A-A84D-13C60502D827}.Release|Any CPU.Build.0 = Release|Any CPU
		{D78CB5CF-F6DC-4156-B905-2BE4649358A6}.Debug|Any CPU.ActiveCfg = Debug|Any CPU
		{D78CB5CF-F6DC-4156-B905-2BE4649358A6}.Debug|Any CPU.Build.0 = Debug|Any CPU
		{D78CB5CF-F6DC-4156-B905-2BE4649358A6}.Release|Any CPU.ActiveCfg = Release|Any CPU
		{D78CB5CF-F6DC-4156-B905-2BE4649358A6}.Release|Any CPU.Build.0 = Release|Any CPU
		{BF08FB05-DEB6-458B-BE82-96346639A9A7}.Debug|Any CPU.ActiveCfg = Debug|Any CPU
		{BF08FB05-DEB6-458B-BE82-96346639A9A7}.Debug|Any CPU.Build.0 = Debug|Any CPU
		{BF08FB05-DEB6-458B-BE82-96346639A9A7}.Release|Any CPU.ActiveCfg = Release|Any CPU
		{BF08FB05-DEB6-458B-BE82-96346639A9A7}.Release|Any CPU.Build.0 = Release|Any CPU
		{656214A4-E866-4430-998D-1FD06C821E26}.Debug|Any CPU.ActiveCfg = Debug|Any CPU
		{656214A4-E866-4430-998D-1FD06C821E26}.Debug|Any CPU.Build.0 = Debug|Any CPU
		{656214A4-E866-4430-998D-1FD06C821E26}.Release|Any CPU.ActiveCfg = Release|Any CPU
		{656214A4-E866-4430-998D-1FD06C821E26}.Release|Any CPU.Build.0 = Release|Any CPU
	EndGlobalSection
	GlobalSection(SolutionProperties) = preSolution
		HideSolutionNode = FALSE
	EndGlobalSection
	GlobalSection(ExtensibilityGlobals) = postSolution
		SolutionGuid = {D5DF1B20-6AD4-4F3F-8AAC-923FC9F5264F}
	EndGlobalSection
EndGlobal
